
Microsoft Visual Studio Solution File, Format Version 12.00
# Visual Studio Version 17
VisualStudioVersion = 17.5.33516.290
MinimumVisualStudioVersion = 10.0.40219.1
Project("{FAE04EC0-301F-11D3-BF4B-00C04F79EFBC}") = "ProyectoSistemaProcesos", "ProyectoSistemaProcesos\ProyectoSistemaProcesos.csproj", "{9479186B-5515-41DF-8608-87A287588BA2}"
EndProject
Global
	GlobalSection(SolutionConfigurationPlatforms) = preSolution
		Debug|Any CPU = Debug|Any CPU
		Release|Any CPU = Release|Any CPU
	EndGlobalSection
	GlobalSection(ProjectConfigurationPlatforms) = postSolution
		{9479186B-5515-41DF-8608-87A287588BA2}.Debug|Any CPU.ActiveCfg = Debug|Any CPU
		{9479186B-5515-41DF-8608-87A287588BA2}.Debug|Any CPU.Build.0 = Debug|Any CPU
		{9479186B-5515-41DF-8608-87A287588BA2}.Release|Any CPU.ActiveCfg = Release|Any CPU
		{9479186B-5515-41DF-8608-87A287588BA2}.Release|Any CPU.Build.0 = Release|Any CPU
	EndGlobalSection
	GlobalSection(SolutionProperties) = preSolution
		HideSolutionNode = FALSE
	EndGlobalSection
	GlobalSection(ExtensibilityGlobals) = postSolution
		SolutionGuid = {E6736B06-9C10-4184-A4AC-1723ACC75037}
	EndGlobalSection
EndGlobal
